<?xml version="1.0" encoding="utf-8"?>
<Project ToolsVersion="4.0" xmlns="http://schemas.microsoft.com/developer/msbuild/2003">
  <ItemGroup>
    <Filter Include="Source Files">
      <UniqueIdentifier>{4FC737F1-C7A5-4376-A066-2A32D752A2FF}</UniqueIdentifier>
      <Extensions>cpp;c;cc;cxx;def;odl;idl;hpj;bat;asm;asmx</Extensions>
    </Filter>
    <Filter Include="Header Files">
      <UniqueIdentifier>{93995380-89BD-4b04-88EB-625FBE52EBFB}</UniqueIdentifier>
      <Extensions>h;hh;hpp;hxx;hm;inl;inc;ipp;xsd</Extensions>
    </Filter>
    <Filter Include="Resource Files">
      <UniqueIdentifier>{67DA6AB6-F800-4c08-8B7A-83BB121AAD01}</UniqueIdentifier>
      <Extensions>rc;ico;cur;bmp;dlg;rc2;rct;bin;rgs;gif;jpg;jpeg;jpe;resx;tiff;tif;png;wav;mfcribbon-ms</Extensions>
    </Filter>
    <Filter Include="Frame Rate Controller">
      <UniqueIdentifier>{b917f644-ce58-4569-9d1a-943e2c8f1989}</UniqueIdentifier>
    </Filter>
    <Filter Include="Systems">
      <UniqueIdentifier>{2c38b30b-93f4-4068-a65f-0e7aff84c204}</UniqueIdentifier>
    </Filter>
    <Filter Include="Systems\SoundSystem">
      <UniqueIdentifier>{4c8665d2-c47d-44e4-b9f8-ca82332132d6}</UniqueIdentifier>
    </Filter>
    <Filter Include="Systems\WindowsSystem">
      <UniqueIdentifier>{0dd16542-a939-4d29-9436-12f6e397b68b}</UniqueIdentifier>
    </Filter>
    <Filter Include="Systems\InputSystem">
      <UniqueIdentifier>{3da335a3-a27e-4f9b-89d5-26f965495fcf}</UniqueIdentifier>
    </Filter>
  </ItemGroup>
  <ItemGroup>
    <ClCompile Include="FrameRateController.cpp">
      <Filter>Frame Rate Controller</Filter>
    </ClCompile>
    <ClCompile Include="Source.cpp">
      <Filter>Source Files</Filter>
    </ClCompile>
    <ClCompile Include="WindowsSystem.cpp">
      <Filter>Systems\WindowsSystem</Filter>
    </ClCompile>
    <ClCompile Include="SoundSystem.cpp">
      <Filter>Systems\SoundSystem</Filter>
    </ClCompile>
    <ClCompile Include="InputSystem.cpp">
      <Filter>Systems\InputSystem</Filter>
    </ClCompile>
  </ItemGroup>
  <ItemGroup>
    <ClInclude Include="FrameRateController.h">
      <Filter>Frame Rate Controller</Filter>
    </ClInclude>
    <ClInclude Include="Source.h">
      <Filter>Source Files</Filter>
    </ClInclude>
    <ClInclude Include="WindowsSystem.h">
      <Filter>Systems\WindowsSystem</Filter>
    </ClInclude>
    <ClInclude Include="SoundSystem.h">
      <Filter>Systems\SoundSystem</Filter>
    </ClInclude>
    <ClInclude Include="InputSystem.h">
      <Filter>Systems\InputSystem</Filter>
    </ClInclude>
  </ItemGroup>
</Project>